
Microsoft Visual Studio Solution File, Format Version 12.00
# Visual Studio Version 17
VisualStudioVersion = 17.11.35312.102
MinimumVisualStudioVersion = 10.0.40219.1
Project("{9A19103F-16F7-4668-BE54-9A1E7A4F7556}") = "WeCareAuthApp.IDP.UI", "WeCareAuthApp.IDP.UI\WeCareAuthApp.IDP.UI.csproj", "{EEA254D3-D965-47D5-90B3-7BE5AD0EB5EF}"
EndProject
Project("{9A19103F-16F7-4668-BE54-9A1E7A4F7556}") = "WeCareAuthApp.IDP", "WeCareAuthApp.IDP\WeCareAuthApp.IDP.csproj", "{9FF82A4C-FAD9-4F35-99D1-64083402BB55}"
EndProject
Global
	GlobalSection(SolutionConfigurationPlatforms) = preSolution
		Debug|Any CPU = Debug|Any CPU
		Release|Any CPU = Release|Any CPU
	EndGlobalSection
	GlobalSection(ProjectConfigurationPlatforms) = postSolution
		{EEA254D3-D965-47D5-90B3-7BE5AD0EB5EF}.Debug|Any CPU.ActiveCfg = Debug|Any CPU
		{EEA254D3-D965-47D5-90B3-7BE5AD0EB5EF}.Debug|Any CPU.Build.0 = Debug|Any CPU
		{EEA254D3-D965-47D5-90B3-7BE5AD0EB5EF}.Release|Any CPU.ActiveCfg = Release|Any CPU
		{EEA254D3-D965-47D5-90B3-7BE5AD0EB5EF}.Release|Any CPU.Build.0 = Release|Any CPU
		{9FF82A4C-FAD9-4F35-99D1-64083402BB55}.Debug|Any CPU.ActiveCfg = Debug|Any CPU
		{9FF82A4C-FAD9-4F35-99D1-64083402BB55}.Debug|Any CPU.Build.0 = Debug|Any CPU
		{9FF82A4C-FAD9-4F35-99D1-64083402BB55}.Release|Any CPU.ActiveCfg = Release|Any CPU
		{9FF82A4C-FAD9-4F35-99D1-64083402BB55}.Release|Any CPU.Build.0 = Release|Any CPU
	EndGlobalSection
	GlobalSection(SolutionProperties) = preSolution
		HideSolutionNode = FALSE
	EndGlobalSection
	GlobalSection(ExtensibilityGlobals) = postSolution
		SolutionGuid = {7D3CBAF5-6DB1-4C8C-B69E-A13F7330175C}
	EndGlobalSection
EndGlobal
